
Microsoft Visual Studio Solution File, Format Version 12.00
# Visual Studio Version 17
VisualStudioVersion = 17.4.33205.214
MinimumVisualStudioVersion = 10.0.40219.1
Project("{E24C65DC-7377-472B-9ABA-BC803B73C61A}") = "COEPDNew(1)", "COEPDNew\", "{4DB53968-8F5A-424B-9238-229F754614A4}"
	ProjectSection(WebsiteProperties) = preProject
		TargetFrameworkMoniker = ".NETFramework,Version%3Dv4.8"
		Debug.AspNetCompiler.VirtualPath = "/localhost_5717"
		Debug.AspNetCompiler.PhysicalPath = "E:\001-Projects\001-CoepdNew\001-Source\003-COEPDNew-18-01-2023\COEPDNew\"
		Debug.AspNetCompiler.TargetPath = "PrecompiledWeb\localhost_5717\"
		Debug.AspNetCompiler.Updateable = "true"
		Debug.AspNetCompiler.ForceOverwrite = "true"
		Debug.AspNetCompiler.FixedNames = "false"
		Debug.AspNetCompiler.Debug = "True"
		Release.AspNetCompiler.VirtualPath = "/localhost_5717"
		Release.AspNetCompiler.PhysicalPath = "E:\001-Projects\001-CoepdNew\001-Source\003-COEPDNew-18-01-2023\COEPDNew\"
		Release.AspNetCompiler.TargetPath = "PrecompiledWeb\localhost_5717\"
		Release.AspNetCompiler.Updateable = "true"
		Release.AspNetCompiler.ForceOverwrite = "true"
		Release.AspNetCompiler.FixedNames = "false"
		Release.AspNetCompiler.Debug = "False"
		VWDPort = "5717"
	EndProjectSection
EndProject
Global
	GlobalSection(SolutionConfigurationPlatforms) = preSolution
		Debug|Any CPU = Debug|Any CPU
	EndGlobalSection
	GlobalSection(ProjectConfigurationPlatforms) = postSolution
		{4DB53968-8F5A-424B-9238-229F754614A4}.Debug|Any CPU.ActiveCfg = Debug|Any CPU
		{4DB53968-8F5A-424B-9238-229F754614A4}.Debug|Any CPU.Build.0 = Debug|Any CPU
	EndGlobalSection
	GlobalSection(SolutionProperties) = preSolution
		HideSolutionNode = FALSE
	EndGlobalSection
	GlobalSection(ExtensibilityGlobals) = postSolution
		SolutionGuid = {BAE32364-3AEE-4A1D-8030-ECF0784B5DFF}
	EndGlobalSection
EndGlobal
